{
  "name": "tetex-public",
  "lockfileVersion": 3,
  "requires": true,
  "packages": {
    "": {
      "name": "tetex-public",
      "license": "MIT",
      "workspaces": [
        "packages/ui"
      ]
    },
    "node_modules/@tetex-public/ui": {
      "resolved": "packages/ui",
      "link": true
    },
    "packages/ui": {
      "name": "@tetex-public/ui",
      "version": "1.0.0",
      "license": "ISC"
    }
  }
}
